{
  "name": "spdx",
  "version": "0.0.1",
  "lockfileVersion": 1,
  "requires": true,
  "dependencies": {
    "spdx-license-list": {
      "version": "3.0.1",
      "resolved": "https://registry.npmjs.org/spdx-license-list/-/spdx-license-list-3.0.1.tgz",
      "integrity": "sha1-Fj1yEj4A9Pi9bhgSVpawCfEkj/U="
    }
  }
}
